
Microsoft Visual Studio Solution File, Format Version 12.00
# Visual Studio Version 17
VisualStudioVersion = 17.12.35527.113 d17.12
MinimumVisualStudioVersion = 10.0.40219.1
Project("{FAE04EC0-301F-11D3-BF4B-00C04F79EFBC}") = "DataAccess", "DataAccess\DataAccess.csproj", "{D7116883-AA57-4B07-B3AB-9B464D6A63A4}"
EndProject
Project("{FAE04EC0-301F-11D3-BF4B-00C04F79EFBC}") = "Entity", "Entity\Entity.csproj", "{7F9F2605-7A4E-46F7-88F2-AB6B863A084B}"
EndProject
Project("{FAE04EC0-301F-11D3-BF4B-00C04F79EFBC}") = "Business", "Business\Business.csproj", "{CBC8784F-08F7-4FF1-B1D1-FAD22DED552B}"
EndProject
Project("{FAE04EC0-301F-11D3-BF4B-00C04F79EFBC}") = "WebApi", "WebApi\WebApi.csproj", "{BB8E7AA1-1E02-4E40-A5EB-C0F9240FFBA9}"
EndProject
Project("{FAE04EC0-301F-11D3-BF4B-00C04F79EFBC}") = "Core", "..\MFProject\Core\Core.csproj", "{F2E9664F-8CF9-4503-B858-D493364B6502}"
EndProject
Global
	GlobalSection(SolutionConfigurationPlatforms) = preSolution
		Debug|Any CPU = Debug|Any CPU
		Release|Any CPU = Release|Any CPU
	EndGlobalSection
	GlobalSection(ProjectConfigurationPlatforms) = postSolution
		{D7116883-AA57-4B07-B3AB-9B464D6A63A4}.Debug|Any CPU.ActiveCfg = Debug|Any CPU
		{D7116883-AA57-4B07-B3AB-9B464D6A63A4}.Debug|Any CPU.Build.0 = Debug|Any CPU
		{D7116883-AA57-4B07-B3AB-9B464D6A63A4}.Release|Any CPU.ActiveCfg = Release|Any CPU
		{D7116883-AA57-4B07-B3AB-9B464D6A63A4}.Release|Any CPU.Build.0 = Release|Any CPU
		{7F9F2605-7A4E-46F7-88F2-AB6B863A084B}.Debug|Any CPU.ActiveCfg = Debug|Any CPU
		{7F9F2605-7A4E-46F7-88F2-AB6B863A084B}.Debug|Any CPU.Build.0 = Debug|Any CPU
		{7F9F2605-7A4E-46F7-88F2-AB6B863A084B}.Release|Any CPU.ActiveCfg = Release|Any CPU
		{7F9F2605-7A4E-46F7-88F2-AB6B863A084B}.Release|Any CPU.Build.0 = Release|Any CPU
		{CBC8784F-08F7-4FF1-B1D1-FAD22DED552B}.Debug|Any CPU.ActiveCfg = Debug|Any CPU
		{CBC8784F-08F7-4FF1-B1D1-FAD22DED552B}.Debug|Any CPU.Build.0 = Debug|Any CPU
		{CBC8784F-08F7-4FF1-B1D1-FAD22DED552B}.Release|Any CPU.ActiveCfg = Release|Any CPU
		{CBC8784F-08F7-4FF1-B1D1-FAD22DED552B}.Release|Any CPU.Build.0 = Release|Any CPU
		{BB8E7AA1-1E02-4E40-A5EB-C0F9240FFBA9}.Debug|Any CPU.ActiveCfg = Debug|Any CPU
		{BB8E7AA1-1E02-4E40-A5EB-C0F9240FFBA9}.Debug|Any CPU.Build.0 = Debug|Any CPU
		{BB8E7AA1-1E02-4E40-A5EB-C0F9240FFBA9}.Release|Any CPU.ActiveCfg = Release|Any CPU
		{BB8E7AA1-1E02-4E40-A5EB-C0F9240FFBA9}.Release|Any CPU.Build.0 = Release|Any CPU
		{F2E9664F-8CF9-4503-B858-D493364B6502}.Debug|Any CPU.ActiveCfg = Debug|Any CPU
		{F2E9664F-8CF9-4503-B858-D493364B6502}.Debug|Any CPU.Build.0 = Debug|Any CPU
		{F2E9664F-8CF9-4503-B858-D493364B6502}.Release|Any CPU.ActiveCfg = Release|Any CPU
		{F2E9664F-8CF9-4503-B858-D493364B6502}.Release|Any CPU.Build.0 = Release|Any CPU
	EndGlobalSection
	GlobalSection(SolutionProperties) = preSolution
		HideSolutionNode = FALSE
	EndGlobalSection
EndGlobal
